
Microsoft Visual Studio Solution File, Format Version 12.00
# Visual Studio 15
VisualStudioVersion = 15.0.27004.2002
MinimumVisualStudioVersion = 10.0.40219.1
Project("{9A19103F-16F7-4668-BE54-9A1E7A4F7556}") = "WriteFiles_Dll", "WriteFiles_Dll\WriteFiles_Dll.csproj", "{D869ADE2-3B28-4ED7-8BAD-F4B1CCC3E657}"
EndProject
Project("{FAE04EC0-301F-11D3-BF4B-00C04F79EFBC}") = "WriteFiles_Console", "WriteFiles_Console\WriteFiles_Console.csproj", "{F78FD22F-7D8E-4601-8476-8DFAF245F6FC}"
EndProject
Project("{8BC9CEB8-8B4A-11D0-8D11-00A0C91BC942}") = "WriteFiles_cpp", "WriteFiles_cpp\WriteFiles_cpp.vcxproj", "{D3ED091A-E67F-4C76-BBC4-C13526F20FD9}"
EndProject
Global
	GlobalSection(SolutionConfigurationPlatforms) = preSolution
		Debug|Any CPU = Debug|Any CPU
		Debug|x64 = Debug|x64
		Debug|x86 = Debug|x86
		Release|Any CPU = Release|Any CPU
		Release|x64 = Release|x64
		Release|x86 = Release|x86
	EndGlobalSection
	GlobalSection(ProjectConfigurationPlatforms) = postSolution
		{D869ADE2-3B28-4ED7-8BAD-F4B1CCC3E657}.Debug|Any CPU.ActiveCfg = Debug|Any CPU
		{D869ADE2-3B28-4ED7-8BAD-F4B1CCC3E657}.Debug|Any CPU.Build.0 = Debug|Any CPU
		{D869ADE2-3B28-4ED7-8BAD-F4B1CCC3E657}.Debug|x64.ActiveCfg = Debug|Any CPU
		{D869ADE2-3B28-4ED7-8BAD-F4B1CCC3E657}.Debug|x64.Build.0 = Debug|Any CPU
		{D869ADE2-3B28-4ED7-8BAD-F4B1CCC3E657}.Debug|x86.ActiveCfg = Debug|Any CPU
		{D869ADE2-3B28-4ED7-8BAD-F4B1CCC3E657}.Debug|x86.Build.0 = Debug|Any CPU
		{D869ADE2-3B28-4ED7-8BAD-F4B1CCC3E657}.Release|Any CPU.ActiveCfg = Release|Any CPU
		{D869ADE2-3B28-4ED7-8BAD-F4B1CCC3E657}.Release|Any CPU.Build.0 = Release|Any CPU
		{D869ADE2-3B28-4ED7-8BAD-F4B1CCC3E657}.Release|x64.ActiveCfg = Release|Any CPU
		{D869ADE2-3B28-4ED7-8BAD-F4B1CCC3E657}.Release|x64.Build.0 = Release|Any CPU
		{D869ADE2-3B28-4ED7-8BAD-F4B1CCC3E657}.Release|x86.ActiveCfg = Release|Any CPU
		{D869ADE2-3B28-4ED7-8BAD-F4B1CCC3E657}.Release|x86.Build.0 = Release|Any CPU
		{F78FD22F-7D8E-4601-8476-8DFAF245F6FC}.Debug|Any CPU.ActiveCfg = Debug|Any CPU
		{F78FD22F-7D8E-4601-8476-8DFAF245F6FC}.Debug|Any CPU.Build.0 = Debug|Any CPU
		{F78FD22F-7D8E-4601-8476-8DFAF245F6FC}.Debug|x64.ActiveCfg = Debug|Any CPU
		{F78FD22F-7D8E-4601-8476-8DFAF245F6FC}.Debug|x64.Build.0 = Debug|Any CPU
		{F78FD22F-7D8E-4601-8476-8DFAF245F6FC}.Debug|x86.ActiveCfg = Debug|Any CPU
		{F78FD22F-7D8E-4601-8476-8DFAF245F6FC}.Debug|x86.Build.0 = Debug|Any CPU
		{F78FD22F-7D8E-4601-8476-8DFAF245F6FC}.Release|Any CPU.ActiveCfg = Release|Any CPU
		{F78FD22F-7D8E-4601-8476-8DFAF245F6FC}.Release|Any CPU.Build.0 = Release|Any CPU
		{F78FD22F-7D8E-4601-8476-8DFAF245F6FC}.Release|x64.ActiveCfg = Release|Any CPU
		{F78FD22F-7D8E-4601-8476-8DFAF245F6FC}.Release|x64.Build.0 = Release|Any CPU
		{F78FD22F-7D8E-4601-8476-8DFAF245F6FC}.Release|x86.ActiveCfg = Release|Any CPU
		{F78FD22F-7D8E-4601-8476-8DFAF245F6FC}.Release|x86.Build.0 = Release|Any CPU
		{D3ED091A-E67F-4C76-BBC4-C13526F20FD9}.Debug|Any CPU.ActiveCfg = Debug|Win32
		{D3ED091A-E67F-4C76-BBC4-C13526F20FD9}.Debug|x64.ActiveCfg = Debug|x64
		{D3ED091A-E67F-4C76-BBC4-C13526F20FD9}.Debug|x64.Build.0 = Debug|x64
		{D3ED091A-E67F-4C76-BBC4-C13526F20FD9}.Debug|x86.ActiveCfg = Debug|Win32
		{D3ED091A-E67F-4C76-BBC4-C13526F20FD9}.Debug|x86.Build.0 = Debug|Win32
		{D3ED091A-E67F-4C76-BBC4-C13526F20FD9}.Release|Any CPU.ActiveCfg = Release|Win32
		{D3ED091A-E67F-4C76-BBC4-C13526F20FD9}.Release|x64.ActiveCfg = Release|x64
		{D3ED091A-E67F-4C76-BBC4-C13526F20FD9}.Release|x64.Build.0 = Release|x64
		{D3ED091A-E67F-4C76-BBC4-C13526F20FD9}.Release|x86.ActiveCfg = Release|Win32
		{D3ED091A-E67F-4C76-BBC4-C13526F20FD9}.Release|x86.Build.0 = Release|Win32
	EndGlobalSection
	GlobalSection(SolutionProperties) = preSolution
		HideSolutionNode = FALSE
	EndGlobalSection
	GlobalSection(ExtensibilityGlobals) = postSolution
		SolutionGuid = {6D6F21F3-76BF-4647-BF3A-6683F80A56E6}
	EndGlobalSection
EndGlobal
